
Microsoft Visual Studio Solution File, Format Version 12.00
# Visual Studio 2012
Project("{8BC9CEB8-8B4A-11D0-8D11-00A0C91BC942}") = "GameEngine", "GameEngine\GameEngine.vcxproj", "{C0BED050-044F-418F-ADC9-A391DE636599}"
	ProjectSection(ProjectDependencies) = postProject
		{EA50E705-5113-49E5-B105-2512EDC8DDC6} = {EA50E705-5113-49E5-B105-2512EDC8DDC6}
		{FD013127-08DA-4CF6-A945-A90B94D65E17} = {FD013127-08DA-4CF6-A945-A90B94D65E17}
		{2A78D334-F587-4452-B766-667F1C403CE3} = {2A78D334-F587-4452-B766-667F1C403CE3}
		{7064F73B-5000-4157-A2AA-6884A9B5BFF4} = {7064F73B-5000-4157-A2AA-6884A9B5BFF4}
		{D28E9261-60D9-4602-82A6-DC11C8D1B855} = {D28E9261-60D9-4602-82A6-DC11C8D1B855}
		{29FA0962-DDC6-4F72-9D12-E150DF29E279} = {29FA0962-DDC6-4F72-9D12-E150DF29E279}
		{0FB5549B-B47C-4C5B-8A7E-A65DDABADBF0} = {0FB5549B-B47C-4C5B-8A7E-A65DDABADBF0}
		{24FBD1A8-24D5-422B-9481-BBFDFEDEAD09} = {24FBD1A8-24D5-422B-9481-BBFDFEDEAD09}
		{585CE0E6-1593-4BF1-B265-D5FEE5874812} = {585CE0E6-1593-4BF1-B265-D5FEE5874812}
	EndProjectSection
EndProject
Project("{8BC9CEB8-8B4A-11D0-8D11-00A0C91BC942}") = "Math", "Math\Math.vcxproj", "{FD013127-08DA-4CF6-A945-A90B94D65E17}"
EndProject
Project("{8BC9CEB8-8B4A-11D0-8D11-00A0C91BC942}") = "File", "File\File.vcxproj", "{7064F73B-5000-4157-A2AA-6884A9B5BFF4}"
EndProject
Project("{8BC9CEB8-8B4A-11D0-8D11-00A0C91BC942}") = "PCSTree", "PCSTree\PCSTree.vcxproj", "{2A78D334-F587-4452-B766-667F1C403CE3}"
EndProject
Project("{8BC9CEB8-8B4A-11D0-8D11-00A0C91BC942}") = "Time", "Time\Time.vcxproj", "{585CE0E6-1593-4BF1-B265-D5FEE5874812}"
EndProject
Project("{8BC9CEB8-8B4A-11D0-8D11-00A0C91BC942}") = "GLFW3", "OpenGL\GLFW\glfw_win32.vcxproj", "{24FBD1A8-24D5-422B-9481-BBFDFEDEAD09}"
EndProject
Project("{2150E333-8FDC-42A3-9474-1A3956D46DE8}") = "_Libs", "_Libs", "{F96F8800-01E2-4D3A-8865-9584482F46BC}"
EndProject
Project("{8BC9CEB8-8B4A-11D0-8D11-00A0C91BC942}") = "gltools", "OpenGL\GLTools\gltools.vcxproj", "{D28E9261-60D9-4602-82A6-DC11C8D1B855}"
EndProject
Project("{8BC9CEB8-8B4A-11D0-8D11-00A0C91BC942}") = "PrototypeVR", "PrototypeVR\PrototypeVR.vcxproj", "{0FB5549B-B47C-4C5B-8A7E-A65DDABADBF0}"
	ProjectSection(ProjectDependencies) = postProject
		{EA50E705-5113-49E5-B105-2512EDC8DDC6} = {EA50E705-5113-49E5-B105-2512EDC8DDC6}
		{29FA0962-DDC6-4F72-9D12-E150DF29E279} = {29FA0962-DDC6-4F72-9D12-E150DF29E279}
	EndProjectSection
EndProject
Project("{8BC9CEB8-8B4A-11D0-8D11-00A0C91BC942}") = "LibOVR", "LibOVR\Projects\Windows\VS2012\LibOVR.vcxproj", "{EA50E705-5113-49E5-B105-2512EDC8DDC6}"
EndProject
Project("{8BC9CEB8-8B4A-11D0-8D11-00A0C91BC942}") = "LibOVRKernel", "LibOVRKernel\Projects\Windows\VS2012\LibOVRKernel.vcxproj", "{29FA0962-DDC6-4F72-9D12-E150DF29E279}"
EndProject
Global
	GlobalSection(SolutionConfigurationPlatforms) = preSolution
		Debug|Win32 = Debug|Win32
		Debug|x64 = Debug|x64
		Release|Win32 = Release|Win32
		Release|x64 = Release|x64
	EndGlobalSection
	GlobalSection(ProjectConfigurationPlatforms) = postSolution
		{C0BED050-044F-418F-ADC9-A391DE636599}.Debug|Win32.ActiveCfg = Debug|Win32
		{C0BED050-044F-418F-ADC9-A391DE636599}.Debug|Win32.Build.0 = Debug|Win32
		{C0BED050-044F-418F-ADC9-A391DE636599}.Debug|x64.ActiveCfg = Debug|Win32
		{C0BED050-044F-418F-ADC9-A391DE636599}.Release|Win32.ActiveCfg = Release|Win32
		{C0BED050-044F-418F-ADC9-A391DE636599}.Release|Win32.Build.0 = Release|Win32
		{C0BED050-044F-418F-ADC9-A391DE636599}.Release|x64.ActiveCfg = Release|Win32
		{FD013127-08DA-4CF6-A945-A90B94D65E17}.Debug|Win32.ActiveCfg = Debug|Win32
		{FD013127-08DA-4CF6-A945-A90B94D65E17}.Debug|Win32.Build.0 = Debug|Win32
		{FD013127-08DA-4CF6-A945-A90B94D65E17}.Debug|x64.ActiveCfg = Debug|Win32
		{FD013127-08DA-4CF6-A945-A90B94D65E17}.Release|Win32.ActiveCfg = Release|Win32
		{FD013127-08DA-4CF6-A945-A90B94D65E17}.Release|Win32.Build.0 = Release|Win32
		{FD013127-08DA-4CF6-A945-A90B94D65E17}.Release|x64.ActiveCfg = Release|Win32
		{7064F73B-5000-4157-A2AA-6884A9B5BFF4}.Debug|Win32.ActiveCfg = Debug|Win32
		{7064F73B-5000-4157-A2AA-6884A9B5BFF4}.Debug|Win32.Build.0 = Debug|Win32
		{7064F73B-5000-4157-A2AA-6884A9B5BFF4}.Debug|x64.ActiveCfg = Debug|Win32
		{7064F73B-5000-4157-A2AA-6884A9B5BFF4}.Release|Win32.ActiveCfg = Release|Win32
		{7064F73B-5000-4157-A2AA-6884A9B5BFF4}.Release|Win32.Build.0 = Release|Win32
		{7064F73B-5000-4157-A2AA-6884A9B5BFF4}.Release|x64.ActiveCfg = Release|Win32
		{2A78D334-F587-4452-B766-667F1C403CE3}.Debug|Win32.ActiveCfg = Debug|Win32
		{2A78D334-F587-4452-B766-667F1C403CE3}.Debug|Win32.Build.0 = Debug|Win32
		{2A78D334-F587-4452-B766-667F1C403CE3}.Debug|x64.ActiveCfg = Debug|Win32
		{2A78D334-F587-4452-B766-667F1C403CE3}.Release|Win32.ActiveCfg = Release|Win32
		{2A78D334-F587-4452-B766-667F1C403CE3}.Release|Win32.Build.0 = Release|Win32
		{2A78D334-F587-4452-B766-667F1C403CE3}.Release|x64.ActiveCfg = Release|Win32
		{585CE0E6-1593-4BF1-B265-D5FEE5874812}.Debug|Win32.ActiveCfg = Debug|Win32
		{585CE0E6-1593-4BF1-B265-D5FEE5874812}.Debug|Win32.Build.0 = Debug|Win32
		{585CE0E6-1593-4BF1-B265-D5FEE5874812}.Debug|x64.ActiveCfg = Debug|Win32
		{585CE0E6-1593-4BF1-B265-D5FEE5874812}.Release|Win32.ActiveCfg = Release|Win32
		{585CE0E6-1593-4BF1-B265-D5FEE5874812}.Release|Win32.Build.0 = Release|Win32
		{585CE0E6-1593-4BF1-B265-D5FEE5874812}.Release|x64.ActiveCfg = Release|Win32
		{24FBD1A8-24D5-422B-9481-BBFDFEDEAD09}.Debug|Win32.ActiveCfg = Debug|Win32
		{24FBD1A8-24D5-422B-9481-BBFDFEDEAD09}.Debug|Win32.Build.0 = Debug|Win32
		{24FBD1A8-24D5-422B-9481-BBFDFEDEAD09}.Debug|x64.ActiveCfg = Debug|Win32
		{24FBD1A8-24D5-422B-9481-BBFDFEDEAD09}.Release|Win32.ActiveCfg = Release|Win32
		{24FBD1A8-24D5-422B-9481-BBFDFEDEAD09}.Release|Win32.Build.0 = Release|Win32
		{24FBD1A8-24D5-422B-9481-BBFDFEDEAD09}.Release|x64.ActiveCfg = Release|Win32
		{D28E9261-60D9-4602-82A6-DC11C8D1B855}.Debug|Win32.ActiveCfg = Debug|Win32
		{D28E9261-60D9-4602-82A6-DC11C8D1B855}.Debug|Win32.Build.0 = Debug|Win32
		{D28E9261-60D9-4602-82A6-DC11C8D1B855}.Debug|x64.ActiveCfg = Debug|Win32
		{D28E9261-60D9-4602-82A6-DC11C8D1B855}.Release|Win32.ActiveCfg = Release|Win32
		{D28E9261-60D9-4602-82A6-DC11C8D1B855}.Release|Win32.Build.0 = Release|Win32
		{D28E9261-60D9-4602-82A6-DC11C8D1B855}.Release|x64.ActiveCfg = Release|Win32
		{0FB5549B-B47C-4C5B-8A7E-A65DDABADBF0}.Debug|Win32.ActiveCfg = Debug|Win32
		{0FB5549B-B47C-4C5B-8A7E-A65DDABADBF0}.Debug|Win32.Build.0 = Debug|Win32
		{0FB5549B-B47C-4C5B-8A7E-A65DDABADBF0}.Debug|x64.ActiveCfg = Debug|Win32
		{0FB5549B-B47C-4C5B-8A7E-A65DDABADBF0}.Release|Win32.ActiveCfg = Release|Win32
		{0FB5549B-B47C-4C5B-8A7E-A65DDABADBF0}.Release|Win32.Build.0 = Release|Win32
		{0FB5549B-B47C-4C5B-8A7E-A65DDABADBF0}.Release|x64.ActiveCfg = Release|Win32
		{EA50E705-5113-49E5-B105-2512EDC8DDC6}.Debug|Win32.ActiveCfg = Debug|Win32
		{EA50E705-5113-49E5-B105-2512EDC8DDC6}.Debug|Win32.Build.0 = Debug|Win32
		{EA50E705-5113-49E5-B105-2512EDC8DDC6}.Debug|x64.ActiveCfg = Debug|x64
		{EA50E705-5113-49E5-B105-2512EDC8DDC6}.Debug|x64.Build.0 = Debug|x64
		{EA50E705-5113-49E5-B105-2512EDC8DDC6}.Release|Win32.ActiveCfg = Release|Win32
		{EA50E705-5113-49E5-B105-2512EDC8DDC6}.Release|Win32.Build.0 = Release|Win32
		{EA50E705-5113-49E5-B105-2512EDC8DDC6}.Release|x64.ActiveCfg = Release|x64
		{EA50E705-5113-49E5-B105-2512EDC8DDC6}.Release|x64.Build.0 = Release|x64
		{29FA0962-DDC6-4F72-9D12-E150DF29E279}.Debug|Win32.ActiveCfg = Debug|Win32
		{29FA0962-DDC6-4F72-9D12-E150DF29E279}.Debug|Win32.Build.0 = Debug|Win32
		{29FA0962-DDC6-4F72-9D12-E150DF29E279}.Debug|x64.ActiveCfg = Debug|x64
		{29FA0962-DDC6-4F72-9D12-E150DF29E279}.Debug|x64.Build.0 = Debug|x64
		{29FA0962-DDC6-4F72-9D12-E150DF29E279}.Release|Win32.ActiveCfg = Release|Win32
		{29FA0962-DDC6-4F72-9D12-E150DF29E279}.Release|Win32.Build.0 = Release|Win32
		{29FA0962-DDC6-4F72-9D12-E150DF29E279}.Release|x64.ActiveCfg = Release|x64
		{29FA0962-DDC6-4F72-9D12-E150DF29E279}.Release|x64.Build.0 = Release|x64
	EndGlobalSection
	GlobalSection(SolutionProperties) = preSolution
		HideSolutionNode = FALSE
	EndGlobalSection
	GlobalSection(NestedProjects) = preSolution
		{7064F73B-5000-4157-A2AA-6884A9B5BFF4} = {F96F8800-01E2-4D3A-8865-9584482F46BC}
		{2A78D334-F587-4452-B766-667F1C403CE3} = {F96F8800-01E2-4D3A-8865-9584482F46BC}
		{585CE0E6-1593-4BF1-B265-D5FEE5874812} = {F96F8800-01E2-4D3A-8865-9584482F46BC}
		{24FBD1A8-24D5-422B-9481-BBFDFEDEAD09} = {F96F8800-01E2-4D3A-8865-9584482F46BC}
		{FD013127-08DA-4CF6-A945-A90B94D65E17} = {F96F8800-01E2-4D3A-8865-9584482F46BC}
		{D28E9261-60D9-4602-82A6-DC11C8D1B855} = {F96F8800-01E2-4D3A-8865-9584482F46BC}
		{0FB5549B-B47C-4C5B-8A7E-A65DDABADBF0} = {F96F8800-01E2-4D3A-8865-9584482F46BC}
		{EA50E705-5113-49E5-B105-2512EDC8DDC6} = {F96F8800-01E2-4D3A-8865-9584482F46BC}
		{29FA0962-DDC6-4F72-9D12-E150DF29E279} = {F96F8800-01E2-4D3A-8865-9584482F46BC}
	EndGlobalSection
EndGlobal
